
Microsoft Visual Studio Solution File, Format Version 12.00
# Visual Studio Version 17
VisualStudioVersion = 17.5.33414.496
MinimumVisualStudioVersion = 10.0.40219.1
Project("{9A19103F-16F7-4668-BE54-9A1E7A4F7556}") = "Logic", "Logic\Logic.csproj", "{7C1D41E9-20CE-431C-8A91-5045C200AE03}"
EndProject
Project("{9A19103F-16F7-4668-BE54-9A1E7A4F7556}") = "TestLogic", "TestLogic\TestLogic.csproj", "{AAC72CEF-7207-4776-837A-B7ACD0E7EE5B}"
EndProject
Project("{2150E333-8FDC-42A3-9474-1A3956D46DE8}") = "Elementy rozwiązania", "Elementy rozwiązania", "{EC999BB6-1D80-4D1A-86C8-C9CCFB96F91E}"
	ProjectSection(SolutionItems) = preProject
		README.md = README.md
	EndProjectSection
EndProject
Project("{9A19103F-16F7-4668-BE54-9A1E7A4F7556}") = "Data", "Data\Data.csproj", "{05463468-6493-4C95-8598-DF84DE0E9E29}"
EndProject
Project("{2150E333-8FDC-42A3-9474-1A3956D46DE8}") = "Presentation", "Presentation", "{01A4B152-F2F5-4B41-92A8-AE4F106E83BF}"
EndProject
Project("{FAE04EC0-301F-11D3-BF4B-00C04F79EFBC}") = "View", "View\View.csproj", "{08A5FC6D-C076-420A-82A7-80E0FD07572E}"
EndProject
Project("{FAE04EC0-301F-11D3-BF4B-00C04F79EFBC}") = "ViewModel", "ViewModel\ViewModel.csproj", "{B7AEC16B-14CF-4392-ACA8-BFEC6095F11E}"
EndProject
Project("{FAE04EC0-301F-11D3-BF4B-00C04F79EFBC}") = "Model", "Model\Model.csproj", "{44BEE4AA-690E-410C-9CE2-A42151557789}"
EndProject
Global
	GlobalSection(SolutionConfigurationPlatforms) = preSolution
		Debug|Any CPU = Debug|Any CPU
		Release|Any CPU = Release|Any CPU
	EndGlobalSection
	GlobalSection(ProjectConfigurationPlatforms) = postSolution
		{7C1D41E9-20CE-431C-8A91-5045C200AE03}.Debug|Any CPU.ActiveCfg = Debug|Any CPU
		{7C1D41E9-20CE-431C-8A91-5045C200AE03}.Debug|Any CPU.Build.0 = Debug|Any CPU
		{7C1D41E9-20CE-431C-8A91-5045C200AE03}.Release|Any CPU.ActiveCfg = Release|Any CPU
		{7C1D41E9-20CE-431C-8A91-5045C200AE03}.Release|Any CPU.Build.0 = Release|Any CPU
		{AAC72CEF-7207-4776-837A-B7ACD0E7EE5B}.Debug|Any CPU.ActiveCfg = Debug|Any CPU
		{AAC72CEF-7207-4776-837A-B7ACD0E7EE5B}.Debug|Any CPU.Build.0 = Debug|Any CPU
		{AAC72CEF-7207-4776-837A-B7ACD0E7EE5B}.Release|Any CPU.ActiveCfg = Release|Any CPU
		{AAC72CEF-7207-4776-837A-B7ACD0E7EE5B}.Release|Any CPU.Build.0 = Release|Any CPU
		{05463468-6493-4C95-8598-DF84DE0E9E29}.Debug|Any CPU.ActiveCfg = Debug|Any CPU
		{05463468-6493-4C95-8598-DF84DE0E9E29}.Debug|Any CPU.Build.0 = Debug|Any CPU
		{05463468-6493-4C95-8598-DF84DE0E9E29}.Release|Any CPU.ActiveCfg = Release|Any CPU
		{05463468-6493-4C95-8598-DF84DE0E9E29}.Release|Any CPU.Build.0 = Release|Any CPU
		{08A5FC6D-C076-420A-82A7-80E0FD07572E}.Debug|Any CPU.ActiveCfg = Debug|Any CPU
		{08A5FC6D-C076-420A-82A7-80E0FD07572E}.Debug|Any CPU.Build.0 = Debug|Any CPU
		{08A5FC6D-C076-420A-82A7-80E0FD07572E}.Release|Any CPU.ActiveCfg = Release|Any CPU
		{08A5FC6D-C076-420A-82A7-80E0FD07572E}.Release|Any CPU.Build.0 = Release|Any CPU
		{B7AEC16B-14CF-4392-ACA8-BFEC6095F11E}.Debug|Any CPU.ActiveCfg = Debug|Any CPU
		{B7AEC16B-14CF-4392-ACA8-BFEC6095F11E}.Debug|Any CPU.Build.0 = Debug|Any CPU
		{B7AEC16B-14CF-4392-ACA8-BFEC6095F11E}.Release|Any CPU.ActiveCfg = Release|Any CPU
		{B7AEC16B-14CF-4392-ACA8-BFEC6095F11E}.Release|Any CPU.Build.0 = Release|Any CPU
		{44BEE4AA-690E-410C-9CE2-A42151557789}.Debug|Any CPU.ActiveCfg = Debug|Any CPU
		{44BEE4AA-690E-410C-9CE2-A42151557789}.Debug|Any CPU.Build.0 = Debug|Any CPU
		{44BEE4AA-690E-410C-9CE2-A42151557789}.Release|Any CPU.ActiveCfg = Release|Any CPU
		{44BEE4AA-690E-410C-9CE2-A42151557789}.Release|Any CPU.Build.0 = Release|Any CPU
	EndGlobalSection
	GlobalSection(SolutionProperties) = preSolution
		HideSolutionNode = FALSE
	EndGlobalSection
	GlobalSection(NestedProjects) = preSolution
		{08A5FC6D-C076-420A-82A7-80E0FD07572E} = {01A4B152-F2F5-4B41-92A8-AE4F106E83BF}
		{B7AEC16B-14CF-4392-ACA8-BFEC6095F11E} = {01A4B152-F2F5-4B41-92A8-AE4F106E83BF}
		{44BEE4AA-690E-410C-9CE2-A42151557789} = {01A4B152-F2F5-4B41-92A8-AE4F106E83BF}
	EndGlobalSection
	GlobalSection(ExtensibilityGlobals) = postSolution
		SolutionGuid = {4EC4556C-44C3-4BC4-8FDA-D59A85BEF440}
	EndGlobalSection
EndGlobal
